
Microsoft Visual Studio Solution File, Format Version 12.00
# Visual Studio Version 17
VisualStudioVersion = 17.7.34024.191
MinimumVisualStudioVersion = 10.0.40219.1
Project("{8BC9CEB8-8B4A-11D0-8D11-00A0C91BC942}") = "ArithmeticOverloading", "ArithmeticOverloading\ArithmeticOverloading.vcxproj", "{E9DBC8E5-28B1-49CE-A1EA-59F03E319C30}"
EndProject
Project("{8BC9CEB8-8B4A-11D0-8D11-00A0C91BC942}") = "Friend", "Friend\Friend.vcxproj", "{17D2238F-0706-4427-869A-63530C5C8ABB}"
EndProject
Project("{8BC9CEB8-8B4A-11D0-8D11-00A0C91BC942}") = "OperatorOverloading", "OperatorOverloading\OperatorOverloading.vcxproj", "{B9B199ED-393C-4A9C-8CC5-EE44D85C8C9C}"
EndProject
Project("{8BC9CEB8-8B4A-11D0-8D11-00A0C91BC942}") = "Inherit", "Inherit\Inherit.vcxproj", "{FCCC1D39-8CFB-47AF-8045-37829272FBB6}"
EndProject
Project("{8BC9CEB8-8B4A-11D0-8D11-00A0C91BC942}") = "Pointer", "..\Pointer\Pointer\Pointer.vcxproj", "{7C9DE366-D421-45B2-93B6-4C466B48E6D1}"
EndProject
Global
	GlobalSection(SolutionConfigurationPlatforms) = preSolution
		Debug|x64 = Debug|x64
		Debug|x86 = Debug|x86
		Release|x64 = Release|x64
		Release|x86 = Release|x86
	EndGlobalSection
	GlobalSection(ProjectConfigurationPlatforms) = postSolution
		{E9DBC8E5-28B1-49CE-A1EA-59F03E319C30}.Debug|x64.ActiveCfg = Debug|x64
		{E9DBC8E5-28B1-49CE-A1EA-59F03E319C30}.Debug|x64.Build.0 = Debug|x64
		{E9DBC8E5-28B1-49CE-A1EA-59F03E319C30}.Debug|x86.ActiveCfg = Debug|Win32
		{E9DBC8E5-28B1-49CE-A1EA-59F03E319C30}.Debug|x86.Build.0 = Debug|Win32
		{E9DBC8E5-28B1-49CE-A1EA-59F03E319C30}.Release|x64.ActiveCfg = Release|x64
		{E9DBC8E5-28B1-49CE-A1EA-59F03E319C30}.Release|x64.Build.0 = Release|x64
		{E9DBC8E5-28B1-49CE-A1EA-59F03E319C30}.Release|x86.ActiveCfg = Release|Win32
		{E9DBC8E5-28B1-49CE-A1EA-59F03E319C30}.Release|x86.Build.0 = Release|Win32
		{17D2238F-0706-4427-869A-63530C5C8ABB}.Debug|x64.ActiveCfg = Debug|x64
		{17D2238F-0706-4427-869A-63530C5C8ABB}.Debug|x64.Build.0 = Debug|x64
		{17D2238F-0706-4427-869A-63530C5C8ABB}.Debug|x86.ActiveCfg = Debug|Win32
		{17D2238F-0706-4427-869A-63530C5C8ABB}.Debug|x86.Build.0 = Debug|Win32
		{17D2238F-0706-4427-869A-63530C5C8ABB}.Release|x64.ActiveCfg = Release|x64
		{17D2238F-0706-4427-869A-63530C5C8ABB}.Release|x64.Build.0 = Release|x64
		{17D2238F-0706-4427-869A-63530C5C8ABB}.Release|x86.ActiveCfg = Release|Win32
		{17D2238F-0706-4427-869A-63530C5C8ABB}.Release|x86.Build.0 = Release|Win32
		{B9B199ED-393C-4A9C-8CC5-EE44D85C8C9C}.Debug|x64.ActiveCfg = Debug|x64
		{B9B199ED-393C-4A9C-8CC5-EE44D85C8C9C}.Debug|x64.Build.0 = Debug|x64
		{B9B199ED-393C-4A9C-8CC5-EE44D85C8C9C}.Debug|x86.ActiveCfg = Debug|Win32
		{B9B199ED-393C-4A9C-8CC5-EE44D85C8C9C}.Debug|x86.Build.0 = Debug|Win32
		{B9B199ED-393C-4A9C-8CC5-EE44D85C8C9C}.Release|x64.ActiveCfg = Release|x64
		{B9B199ED-393C-4A9C-8CC5-EE44D85C8C9C}.Release|x64.Build.0 = Release|x64
		{B9B199ED-393C-4A9C-8CC5-EE44D85C8C9C}.Release|x86.ActiveCfg = Release|Win32
		{B9B199ED-393C-4A9C-8CC5-EE44D85C8C9C}.Release|x86.Build.0 = Release|Win32
		{FCCC1D39-8CFB-47AF-8045-37829272FBB6}.Debug|x64.ActiveCfg = Debug|x64
		{FCCC1D39-8CFB-47AF-8045-37829272FBB6}.Debug|x64.Build.0 = Debug|x64
		{FCCC1D39-8CFB-47AF-8045-37829272FBB6}.Debug|x86.ActiveCfg = Debug|Win32
		{FCCC1D39-8CFB-47AF-8045-37829272FBB6}.Debug|x86.Build.0 = Debug|Win32
		{FCCC1D39-8CFB-47AF-8045-37829272FBB6}.Release|x64.ActiveCfg = Release|x64
		{FCCC1D39-8CFB-47AF-8045-37829272FBB6}.Release|x64.Build.0 = Release|x64
		{FCCC1D39-8CFB-47AF-8045-37829272FBB6}.Release|x86.ActiveCfg = Release|Win32
		{FCCC1D39-8CFB-47AF-8045-37829272FBB6}.Release|x86.Build.0 = Release|Win32
		{7C9DE366-D421-45B2-93B6-4C466B48E6D1}.Debug|x64.ActiveCfg = Debug|x64
		{7C9DE366-D421-45B2-93B6-4C466B48E6D1}.Debug|x64.Build.0 = Debug|x64
		{7C9DE366-D421-45B2-93B6-4C466B48E6D1}.Debug|x86.ActiveCfg = Debug|Win32
		{7C9DE366-D421-45B2-93B6-4C466B48E6D1}.Debug|x86.Build.0 = Debug|Win32
		{7C9DE366-D421-45B2-93B6-4C466B48E6D1}.Release|x64.ActiveCfg = Release|x64
		{7C9DE366-D421-45B2-93B6-4C466B48E6D1}.Release|x64.Build.0 = Release|x64
		{7C9DE366-D421-45B2-93B6-4C466B48E6D1}.Release|x86.ActiveCfg = Release|Win32
		{7C9DE366-D421-45B2-93B6-4C466B48E6D1}.Release|x86.Build.0 = Release|Win32
	EndGlobalSection
	GlobalSection(SolutionProperties) = preSolution
		HideSolutionNode = FALSE
	EndGlobalSection
	GlobalSection(ExtensibilityGlobals) = postSolution
		SolutionGuid = {1631AFCE-A08E-4E88-AA79-BFB32D413C41}
	EndGlobalSection
EndGlobal
